# This file is autogenerated, do not edit; changes may be undone by the next 'dep ensure'.


[[projects]]
  branch = "master"
  digest = "1:02956364cb39c505bea41a1a63bbf580a730dd70097ce1d99781ee4d138e1287"
  name = "github.com/quoeamaster/echogogo_plugin"
  packages = ["."]
  pruneopts = "UT"
  revision = "64fc68b2ea1408154b4f42d31ed89e665bb18ddf"

[solve-meta]
  analyzer-name = "dep"
  analyzer-version = 1
  input-imports = ["github.com/quoeamaster/echogogo_plugin"]
  solver-name = "gps-cdcl"
  solver-version = 1
