# This file is autogenerated, do not edit; changes may be undone by the next 'dep ensure'.


[[projects]]
  branch = "master"
  digest = "1:0a63f1876dd35eb7c501f9ef10edea87087395c309e37b53d9366c9a71899da4"
  name = "github.com/quoeamaster/echogogo_plugin"
  packages = ["."]
  pruneopts = "UT"
  revision = "d2fa9817d8889210d2d469aedd062d3c39e3189a"

[solve-meta]
  analyzer-name = "dep"
  analyzer-version = 1
  input-imports = ["github.com/quoeamaster/echogogo_plugin"]
  solver-name = "gps-cdcl"
  solver-version = 1
