# This file is autogenerated, do not edit; changes may be undone by the next 'dep ensure'.


[[projects]]
  branch = "master"
  digest = "1:fd0eaf571b65f6eec0400fbb12070813f7b4d2d081ed13543cc19333651823cb"
  name = "github.com/quoeamaster/echogogo_plugin"
  packages = ["."]
  pruneopts = "UT"
  revision = "f191f200d93315b50d0c88b1e70942a20fd5b119"

[solve-meta]
  analyzer-name = "dep"
  analyzer-version = 1
  input-imports = ["github.com/quoeamaster/echogogo_plugin"]
  solver-name = "gps-cdcl"
  solver-version = 1
